// !$*UTF8*$!
{
	archiveVersion = 1;
	classes = {
	};
	objectVersion = 48;
	objects = {

/* Begin PBXBuildFile section */
		B19F56FE1FB6A557006C0AE9 /* AppDelegate.swift in Sources */ = {isa = PBXBuildFile; fileRef = B19F56FD1FB6A557006C0AE9 /* AppDelegate.swift */; };
		B19F57001FB6A557006C0AE9 /* ViewController.swift in Sources */ = {isa = PBXBuildFile; fileRef = B19F56FF1FB6A557006C0AE9 /* ViewController.swift */; };
		B19F57031FB6A557006C0AE9 /* Main.storyboard in Resources */ = {isa = PBXBuildFile; fileRef = B19F57011FB6A557006C0AE9 /* Main.storyboard */; };
		B19F57051FB6A557006C0AE9 /* Assets.xcassets in Resources */ = {isa = PBXBuildFile; fileRef = B19F57041FB6A557006C0AE9 /* Assets.xcassets */; };
		B19F57081FB6A557006C0AE9 /* LaunchScreen.storyboard in Resources */ = {isa = PBXBuildFile; fileRef = B19F57061FB6A557006C0AE9 /* LaunchScreen.storyboard */; };
		DF4AA17C1FBA268300B8E402 /* players.storyboard in Resources */ = {isa = PBXBuildFile; fileRef = DF4AA17B1FBA268300B8E402 /* players.storyboard */; };
/* End PBXBuildFile section */

/* Begin PBXFileReference section */
		B19F56FA1FB6A557006C0AE9 /* Clue.app */ = {isa = PBXFileReference; explicitFileType = wrapper.application; includeInIndex = 0; path = Clue.app; sourceTree = BUILT_PRODUCTS_DIR; };
		B19F56FD1FB6A557006C0AE9 /* AppDelegate.swift */ = {isa = PBXFileReference; lastKnownFileType = sourcecode.swift; path = AppDelegate.swift; sourceTree = "<group>"; };
		B19F56FF1FB6A557006C0AE9 /* ViewController.swift */ = {isa = PBXFileReference; lastKnownFileType = sourcecode.swift; path = ViewController.swift; sourceTree = "<group>"; };
		B19F57021FB6A557006C0AE9 /* Base */ = {isa = PBXFileReference; lastKnownFileType = file.storyboard; name = Base; path = Base.lproj/Main.storyboard; sourceTree = "<group>"; };
		B19F57041FB6A557006C0AE9 /* Assets.xcassets */ = {isa = PBXFileReference; lastKnownFileType = folder.assetcatalog; path = Assets.xcassets; sourceTree = "<group>"; };
		B19F57071FB6A557006C0AE9 /* Base */ = {isa = PBXFileReference; lastKnownFileType = file.storyboard; name = Base; path = Base.lproj/LaunchScreen.storyboard; sourceTree = "<group>"; };
		B19F57091FB6A557006C0AE9 /* Info.plist */ = {isa = PBXFileReference; lastKnownFileType = text.plist.xml; path = Info.plist; sourceTree = "<group>"; };
		DF4AA17B1FBA268300B8E402 /* players.storyboard */ = {isa = PBXFileReference; lastKnownFileType = file.storyboard; path = players.storyboard; sourceTree = "<group>"; };
/* End PBXFileReference section */

/* Begin PBXFrameworksBuildPhase section */
		B19F56F71FB6A557006C0AE9 /* Frameworks */ = {
			isa = PBXFrameworksBuildPhase;
			buildActionMask = 2147483647;
			files = (
			);
			runOnlyForDeploymentPostprocessing = 0;
		};
/* End PBXFrameworksBuildPhase section */

/* Begin PBXGroup section */
		B19F56F11FB6A557006C0AE9 = {
			isa = PBXGroup;
			children = (
				B19F56FC1FB6A557006C0AE9 /* Clue */,
				B19F56FB1FB6A557006C0AE9 /* Products */,
			);
			sourceTree = "<group>";
		};
		B19F56FB1FB6A557006C0AE9 /* Products */ = {
			isa = PBXGroup;
			children = (
				B19F56FA1FB6A557006C0AE9 /* Clue.app */,
			);
			name = Products;
			sourceTree = "<group>";
		};
		B19F56FC1FB6A557006C0AE9 /* Clue */ = {
			isa = PBXGroup;
			children = (
				B19F56FD1FB6A557006C0AE9 /* AppDelegate.swift */,
				B19F56FF1FB6A557006C0AE9 /* ViewController.swift */,
				B19F57011FB6A557006C0AE9 /* Main.storyboard */,
				DF4AA17B1FBA268300B8E402 /* players.storyboard */,
				B19F57061FB6A557006C0AE9 /* LaunchScreen.storyboard */,
				B19F57041FB6A557006C0AE9 /* Assets.xcassets */,
				B19F57091FB6A557006C0AE9 /* Info.plist */,
			);
			path = Clue;
			sourceTree = "<group>";
		};
/* End PBXGroup section */

/* Begin PBXNativeTarget section */
		B19F56F91FB6A557006C0AE9 /* Clue */ = {
			isa = PBXNativeTarget;
			buildConfigurationList = B19F570C1FB6A557006C0AE9 /* Build configuration list for PBXNativeTarget "Clue" */;
			buildPhases = (
				B19F56F61FB6A557006C0AE9 /* Sources */,
				B19F56F71FB6A557006C0AE9 /* Frameworks */,
				B19F56F81FB6A557006C0AE9 /* Resources */,
			);
			buildRules = (
			);
			dependencies = (
			);
			name = Clue;
			productName = Clue;
			productReference = B19F56FA1FB6A557006C0AE9 /* Clue.app */;
			productType = "com.apple.product-type.application";
		};
/* End PBXNativeTarget section */

/* Begin PBXProject section */
		B19F56F21FB6A557006C0AE9 /* Project object */ = {
			isa = PBXProject;
			attributes = {
				LastSwiftUpdateCheck = 0900;
				LastUpgradeCheck = 0900;
				ORGANIZATIONNAME = "Micheal Montpetit";
				TargetAttributes = {
					B19F56F91FB6A557006C0AE9 = {
						CreatedOnToolsVersion = 9.0;
						ProvisioningStyle = Automatic;
					};
				};
			};
			buildConfigurationList = B19F56F51FB6A557006C0AE9 /* Build configuration list for PBXProject "Clue" */;
			compatibilityVersion = "Xcode 8.0";
			developmentRegion = en;
			hasScannedForEncodings = 0;
			knownRegions = (
				en,
				Base,
			);
			mainGroup = B19F56F11FB6A557006C0AE9;
			productRefGroup = B19F56FB1FB6A557006C0AE9 /* Products */;
			projectDirPath = "";
			projectRoot = "";
			targets = (
				B19F56F91FB6A557006C0AE9 /* Clue */,
			);
		};
/* End PBXProject section */

/* Begin PBXResourcesBuildPhase section */
		B19F56F81FB6A557006C0AE9 /* Resources */ = {
			isa = PBXResourcesBuildPhase;
			buildActionMask = 2147483647;
			files = (
				B19F57081FB6A557006C0AE9 /* LaunchScreen.storyboard in Resources */,
				DF4AA17C1FBA268300B8E402 /* players.storyboard in Resources */,
				B19F57051FB6A557006C0AE9 /* Assets.xcassets in Resources */,
				B19F57031FB6A557006C0AE9 /* Main.storyboard in Resources */,
			);
			runOnlyForDeploymentPostprocessing = 0;
		};
/* End PBXResourcesBuildPhase section */

/* Begin PBXSourcesBuildPhase section */
		B19F56F61FB6A557006C0AE9 /* Sources */ = {
			isa = PBXSourcesBuildPhase;
			buildActionMask = 2147483647;
			files = (
				B19F57001FB6A557006C0AE9 /* ViewController.swift in Sources */,
				B19F56FE1FB6A557006C0AE9 /* AppDelegate.swift in Sources */,
			);
			runOnlyForDeploymentPostprocessing = 0;
		};
/* End PBXSourcesBuildPhase section */

/* Begin PBXVariantGroup section */
		B19F57011FB6A557006C0AE9 /* Main.storyboard */ = {
			isa = PBXVariantGroup;
			children = (
				B19F57021FB6A557006C0AE9 /* Base */,
			);
			name = Main.storyboard;
			sourceTree = "<group>";
		};
		B19F57061FB6A557006C0AE9 /* LaunchScreen.storyboard */ = {
			isa = PBXVariantGroup;
			children = (
				B19F57071FB6A557006C0AE9 /* Base */,
			);
			name = LaunchScreen.storyboard;
			sourceTree = "<group>";
		};
/* End PBXVariantGroup section */

/* Begin XCBuildConfiguration section */
		B19F570A1FB6A557006C0AE9 /* Debug */ = {
			isa = XCBuildConfiguration;
			buildSettings = {
				ALWAYS_SEARCH_USER_PATHS = NO;
				CLANG_ANALYZER_NONNULL = YES;
				CLANG_ANALYZER_NUMBER_OBJECT_CONVERSION = YES_AGGRESSIVE;
				CLANG_CXX_LANGUAGE_STANDARD = "gnu++14";
				CLANG_CXX_LIBRARY = "libc++";
				CLANG_ENABLE_MODULES = YES;
				CLANG_ENABLE_OBJC_ARC = YES;
				CLANG_WARN_BLOCK_CAPTURE_AUTORELEASING = YES;
				CLANG_WARN_BOOL_CONVERSION = YES;
				CLANG_WARN_COMMA = YES;
				CLANG_WARN_CONSTANT_CONVERSION = YES;
				CLANG_WARN_DIRECT_OBJC_ISA_USAGE = YES_ERROR;
				CLANG_WARN_DOCUMENTATION_COMMENTS = YES;
				CLANG_WARN_EMPTY_BODY = YES;
				CLANG_WARN_ENUM_CONVERSION = YES;
				CLANG_WARN_INFINITE_RECURSION = YES;
				CLANG_WARN_INT_CONVERSION = YES;
				CLANG_WARN_NON_LITERAL_NULL_CONVERSION = YES;
				CLANG_WARN_OBJC_LITERAL_CONVERSION = YES;
				CLANG_WARN_OBJC_ROOT_CLASS = YES_ERROR;
				CLANG_WARN_RANGE_LOOP_ANALYSIS = YES;
				CLANG_WARN_STRICT_PROTOTYPES = YES;
				CLANG_WARN_SUSPICIOUS_MOVE = YES;
				CLANG_WARN_UNGUARDED_AVAILABILITY = YES_AGGRESSIVE;
				CLANG_WARN_UNREACHABLE_CODE = YES;
				CLANG_WARN__DUPLICATE_METHOD_MATCH = YES;
				CODE_SIGN_IDENTITY = "iPhone Developer";
				COPY_PHASE_STRIP = NO;
				DEBUG_INFORMATION_FORMAT = dwarf;
				ENABLE_STRICT_OBJC_MSGSEND = YES;
				ENABLE_TESTABILITY = YES;
				GCC_C_LANGUAGE_STANDARD = gnu11;
				GCC_DYNAMIC_NO_PIC = NO;
				GCC_NO_COMMON_BLOCKS = YES;
				GCC_OPTIMIZATION_LEVEL = 0;
				GCC_PREPROCESSOR_DEFINITIONS = (
					"DEBUG=1",
					"$(inherited)",
				);
				GCC_WARN_64_TO_32_BIT_CONVERSION = YES;
				GCC_WARN_ABOUT_RETURN_TYPE = YES_ERROR;
				GCC_WARN_UNDECLARED_SELECTOR = YES;
				GCC_WARN_UNINITIALIZED_AUTOS = YES_AGGRESSIVE;
				GCC_WARN_UNUSED_FUNCTION = YES;
				GCC_WARN_UNUSED_VARIABLE = YES;
				IPHONEOS_DEPLOYMENT_TARGET = 11.0;
				MTL_ENABLE_DEBUG_INFO = YES;
				ONLY_ACTIVE_ARCH = YES;
				SDKROOT = iphoneos;
				SWIFT_ACTIVE_COMPILATION_CONDITIONS = DEBUG;
				SWIFT_OPTIMIZATION_LEVEL = "-Onone";
			};
			name = Debug;
		};
		B19F570B1FB6A557006C0AE9 /* Release */ = {
			isa = XCBuildConfiguration;
			buildSettings = {
				ALWAYS_SEARCH_USER_PATHS = NO;
				CLANG_ANALYZER_NONNULL = YES;
				CLANG_ANALYZER_NUMBER_OBJECT_CONVERSION = YES_AGGRESSIVE;
				CLANG_CXX_LANGUAGE_STANDARD = "gnu++14";
				CLANG_CXX_LIBRARY = "libc++";
				CLANG_ENABLE_MODULES = YES;
				CLANG_ENABLE_OBJC_ARC = YES;
				CLANG_WARN_BLOCK_CAPTURE_AUTORELEASING = YES;
				CLANG_WARN_BOOL_CONVERSION = YES;
				CLANG_WARN_COMMA = YES;
				CLANG_WARN_CONSTANT_CONVERSION = YES;
				CLANG_WARN_DIRECT_OBJC_ISA_USAGE = YES_ERROR;
				CLANG_WARN_DOCUMENTATION_COMMENTS = YES;
				CLANG_WARN_EMPTY_BODY = YES;
				CLANG_WARN_ENUM_CONVERSION = YES;
				CLANG_WARN_INFINITE_RECURSION = YES;
				CLANG_WARN_INT_CONVERSION = YES;
				CLANG_WARN_NON_LITERAL_NULL_CONVERSION = YES;
				CLANG_WARN_OBJC_LITERAL_CONVERSION = YES;
				CLANG_WARN_OBJC_ROOT_CLASS = YES_ERROR;
				CLANG_WARN_RANGE_LOOP_ANALYSIS = YES;
				CLANG_WARN_STRICT_PROTOTYPES = YES;
				CLANG_WARN_SUSPICIOUS_MOVE = YES;
				CLANG_WARN_UNGUARDED_AVAILABILITY = YES_AGGRESSIVE;
				CLANG_WARN_UNREACHABLE_CODE = YES;
				CLANG_WARN__DUPLICATE_METHOD_MATCH = YES;
				CODE_SIGN_IDENTITY = "iPhone Developer";
				COPY_PHASE_STRIP = NO;
				DEBUG_INFORMATION_FORMAT = "dwarf-with-dsym";
				ENABLE_NS_ASSERTIONS = NO;
				ENABLE_STRICT_OBJC_MSGSEND = YES;
				GCC_C_LANGUAGE_STANDARD = gnu11;
				GCC_NO_COMMON_BLOCKS = YES;
				GCC_WARN_64_TO_32_BIT_CONVERSION = YES;
				GCC_WARN_ABOUT_RETURN_TYPE = YES_ERROR;
				GCC_WARN_UNDECLARED_SELECTOR = YES;
				GCC_WARN_UNINITIALIZED_AUTOS = YES_AGGRESSIVE;
				GCC_WARN_UNUSED_FUNCTION = YES;
				GCC_WARN_UNUSED_VARIABLE = YES;
				IPHONEOS_DEPLOYMENT_TARGET = 11.0;
				MTL_ENABLE_DEBUG_INFO = NO;
				SDKROOT = iphoneos;
				SWIFT_OPTIMIZATION_LEVEL = "-Owholemodule";
				VALIDATE_PRODUCT = YES;
			};
			name = Release;
		};
		B19F570D1FB6A557006C0AE9 /* Debug */ = {
			isa = XCBuildConfiguration;
			buildSettings = {
				ASSETCATALOG_COMPILER_APPICON_NAME = AppIcon;
				"CODE_SIGN_IDENTITY[sdk=iphoneos*]" = "iPhone Developer";
				CODE_SIGN_STYLE = Automatic;
				DEVELOPMENT_TEAM = 6MV48GC58A;
				INFOPLIST_FILE = Clue/Info.plist;
				LD_RUNPATH_SEARCH_PATHS = "$(inherited) @executable_path/Frameworks";
				PRODUCT_BUNDLE_IDENTIFIER = com.clue;
				PRODUCT_NAME = "$(TARGET_NAME)";
				PROVISIONING_PROFILE_SPECIFIER = "";
				SWIFT_VERSION = 4.0;
				TARGETED_DEVICE_FAMILY = "1,2";
			};
			name = Debug;
		};
		B19F570E1FB6A557006C0AE9 /* Release */ = {
			isa = XCBuildConfiguration;
			buildSettings = {
				ASSETCATALOG_COMPILER_APPICON_NAME = AppIcon;
				"CODE_SIGN_IDENTITY[sdk=iphoneos*]" = "iPhone Developer";
				CODE_SIGN_STYLE = Automatic;
				DEVELOPMENT_TEAM = 6MV48GC58A;
				INFOPLIST_FILE = Clue/Info.plist;
				LD_RUNPATH_SEARCH_PATHS = "$(inherited) @executable_path/Frameworks";
				PRODUCT_BUNDLE_IDENTIFIER = com.clue;
				PRODUCT_NAME = "$(TARGET_NAME)";
				PROVISIONING_PROFILE_SPECIFIER = "";
				SWIFT_VERSION = 4.0;
				TARGETED_DEVICE_FAMILY = "1,2";
			};
			name = Release;
		};
/* End XCBuildConfiguration section */

/* Begin XCConfigurationList section */
		B19F56F51FB6A557006C0AE9 /* Build configuration list for PBXProject "Clue" */ = {
			isa = XCConfigurationList;
			buildConfigurations = (
				B19F570A1FB6A557006C0AE9 /* Debug */,
				B19F570B1FB6A557006C0AE9 /* Release */,
			);
			defaultConfigurationIsVisible = 0;
			defaultConfigurationName = Release;
		};
		B19F570C1FB6A557006C0AE9 /* Build configuration list for PBXNativeTarget "Clue" */ = {
			isa = XCConfigurationList;
			buildConfigurations = (
				B19F570D1FB6A557006C0AE9 /* Debug */,
				B19F570E1FB6A557006C0AE9 /* Release */,
			);
			defaultConfigurationIsVisible = 0;
			defaultConfigurationName = Release;
		};
/* End XCConfigurationList section */
	};
	rootObject = B19F56F21FB6A557006C0AE9 /* Project object */;
}
